
Microsoft Visual Studio Solution File, Format Version 12.00
# Visual Studio Version 17
VisualStudioVersion = 17.9.34701.34
MinimumVisualStudioVersion = 10.0.40219.1
Project("{9A19103F-16F7-4668-BE54-9A1E7A4F7556}") = "RestaurantTableBookingUI", "RestaurantTableBookingUI\RestaurantTableBookingUI.csproj", "{EEAA6B29-0788-46EB-9DCC-035D6F306927}"
EndProject
Project("{9A19103F-16F7-4668-BE54-9A1E7A4F7556}") = "BAL", "BAL\BAL.csproj", "{DE49D4F0-B9F0-484D-BED6-1E92F437AFFB}"
EndProject
Project("{9A19103F-16F7-4668-BE54-9A1E7A4F7556}") = "DAL", "DAL\DAL.csproj", "{36011B6D-163C-4F50-97DB-DB42EAA792BD}"
EndProject
Project("{9A19103F-16F7-4668-BE54-9A1E7A4F7556}") = "Shared", "Shared\Shared.csproj", "{B6A375BF-1157-4072-8CD3-1A9C0A8A315C}"
EndProject
Global
	GlobalSection(SolutionConfigurationPlatforms) = preSolution
		Debug|Any CPU = Debug|Any CPU
		Release|Any CPU = Release|Any CPU
	EndGlobalSection
	GlobalSection(ProjectConfigurationPlatforms) = postSolution
		{EEAA6B29-0788-46EB-9DCC-035D6F306927}.Debug|Any CPU.ActiveCfg = Debug|Any CPU
		{EEAA6B29-0788-46EB-9DCC-035D6F306927}.Debug|Any CPU.Build.0 = Debug|Any CPU
		{EEAA6B29-0788-46EB-9DCC-035D6F306927}.Release|Any CPU.ActiveCfg = Release|Any CPU
		{EEAA6B29-0788-46EB-9DCC-035D6F306927}.Release|Any CPU.Build.0 = Release|Any CPU
		{DE49D4F0-B9F0-484D-BED6-1E92F437AFFB}.Debug|Any CPU.ActiveCfg = Debug|Any CPU
		{DE49D4F0-B9F0-484D-BED6-1E92F437AFFB}.Debug|Any CPU.Build.0 = Debug|Any CPU
		{DE49D4F0-B9F0-484D-BED6-1E92F437AFFB}.Release|Any CPU.ActiveCfg = Release|Any CPU
		{DE49D4F0-B9F0-484D-BED6-1E92F437AFFB}.Release|Any CPU.Build.0 = Release|Any CPU
		{36011B6D-163C-4F50-97DB-DB42EAA792BD}.Debug|Any CPU.ActiveCfg = Debug|Any CPU
		{36011B6D-163C-4F50-97DB-DB42EAA792BD}.Debug|Any CPU.Build.0 = Debug|Any CPU
		{36011B6D-163C-4F50-97DB-DB42EAA792BD}.Release|Any CPU.ActiveCfg = Release|Any CPU
		{36011B6D-163C-4F50-97DB-DB42EAA792BD}.Release|Any CPU.Build.0 = Release|Any CPU
		{B6A375BF-1157-4072-8CD3-1A9C0A8A315C}.Debug|Any CPU.ActiveCfg = Debug|Any CPU
		{B6A375BF-1157-4072-8CD3-1A9C0A8A315C}.Debug|Any CPU.Build.0 = Debug|Any CPU
		{B6A375BF-1157-4072-8CD3-1A9C0A8A315C}.Release|Any CPU.ActiveCfg = Release|Any CPU
		{B6A375BF-1157-4072-8CD3-1A9C0A8A315C}.Release|Any CPU.Build.0 = Release|Any CPU
	EndGlobalSection
	GlobalSection(SolutionProperties) = preSolution
		HideSolutionNode = FALSE
	EndGlobalSection
	GlobalSection(ExtensibilityGlobals) = postSolution
		SolutionGuid = {40F5C087-1BA7-4229-B05A-D9CBE778FDD6}
	EndGlobalSection
EndGlobal
